
Microsoft Visual Studio Solution File, Format Version 12.00
# Visual Studio 15
VisualStudioVersion = 15.0.28307.539
MinimumVisualStudioVersion = 10.0.40219.1
Project("{8BC9CEB8-8B4A-11D0-8D11-00A0C91BC942}") = "Sandbox", "Sandbox\Sandbox.vcxproj", "{BCD7F300-C226-4EA5-94A1-B3D6085A4E9D}"
EndProject
Project("{8BC9CEB8-8B4A-11D0-8D11-00A0C91BC942}") = "Hazel", "Hazel\Hazel.vcxproj", "{F5FF17A0-B2BA-49AE-9EE2-C3CB0F4D9F0D}"
EndProject
Global
	GlobalSection(SolutionConfigurationPlatforms) = preSolution
		Debug|x64 = Debug|x64
		Release|x64 = Release|x64
	EndGlobalSection
	GlobalSection(ProjectConfigurationPlatforms) = postSolution
		{F5FF17A0-B2BA-49AE-9EE2-C3CB0F4D9F0D}.Debug|x64.ActiveCfg = Debug|x64
		{F5FF17A0-B2BA-49AE-9EE2-C3CB0F4D9F0D}.Debug|x64.Build.0 = Debug|x64
		{F5FF17A0-B2BA-49AE-9EE2-C3CB0F4D9F0D}.Release|x64.ActiveCfg = Release|x64
		{F5FF17A0-B2BA-49AE-9EE2-C3CB0F4D9F0D}.Release|x64.Build.0 = Release|x64
		{BCD7F300-C226-4EA5-94A1-B3D6085A4E9D}.Debug|x64.ActiveCfg = Debug|x64
		{BCD7F300-C226-4EA5-94A1-B3D6085A4E9D}.Debug|x64.Build.0 = Debug|x64
		{BCD7F300-C226-4EA5-94A1-B3D6085A4E9D}.Release|x64.ActiveCfg = Release|x64
		{BCD7F300-C226-4EA5-94A1-B3D6085A4E9D}.Release|x64.Build.0 = Release|x64
	EndGlobalSection
	GlobalSection(SolutionProperties) = preSolution
		HideSolutionNode = FALSE
	EndGlobalSection
	GlobalSection(ExtensibilityGlobals) = postSolution
		SolutionGuid = {F9AD4AAE-343F-421B-B4A9-FEDA7CABD796}
	EndGlobalSection
EndGlobal
